
Microsoft Visual Studio Solution File, Format Version 12.00
# Visual Studio Version 17
VisualStudioVersion = 17.4.33213.308
MinimumVisualStudioVersion = 10.0.40219.1
Project("{9A19103F-16F7-4668-BE54-9A1E7A4F7556}") = "FdgtBuilder", "src\FdgtBuilder\FdgtBuilder.csproj", "{9C25096E-C33C-4BE4-89A0-F0EF15C3B75C}"
EndProject
Project("{2150E333-8FDC-42A3-9474-1A3956D46DE8}") = "Solution Items", "Solution Items", "{50C89C29-42B1-4861-B0A3-1A25DCCEB8BC}"
	ProjectSection(SolutionItems) = preProject
		.gitignore = .gitignore
		FdgtBuilder.targets = FdgtBuilder.targets
		LICENSE = LICENSE
		.github\workflows\main.yml = .github\workflows\main.yml
		README.md = README.md
	EndProjectSection
EndProject
Project("{9A19103F-16F7-4668-BE54-9A1E7A4F7556}") = "FdgtBuilder.TwitchLib", "src\FdgtBuilder.TwitchLib\FdgtBuilder.TwitchLib.csproj", "{B60FD345-C6ED-4CBE-AD35-55938BDE444B}"
EndProject
Global
	GlobalSection(SolutionConfigurationPlatforms) = preSolution
		Debug|Any CPU = Debug|Any CPU
		Release|Any CPU = Release|Any CPU
	EndGlobalSection
	GlobalSection(ProjectConfigurationPlatforms) = postSolution
		{9C25096E-C33C-4BE4-89A0-F0EF15C3B75C}.Debug|Any CPU.ActiveCfg = Debug|Any CPU
		{9C25096E-C33C-4BE4-89A0-F0EF15C3B75C}.Debug|Any CPU.Build.0 = Debug|Any CPU
		{9C25096E-C33C-4BE4-89A0-F0EF15C3B75C}.Release|Any CPU.ActiveCfg = Release|Any CPU
		{9C25096E-C33C-4BE4-89A0-F0EF15C3B75C}.Release|Any CPU.Build.0 = Release|Any CPU
		{B60FD345-C6ED-4CBE-AD35-55938BDE444B}.Debug|Any CPU.ActiveCfg = Debug|Any CPU
		{B60FD345-C6ED-4CBE-AD35-55938BDE444B}.Debug|Any CPU.Build.0 = Debug|Any CPU
		{B60FD345-C6ED-4CBE-AD35-55938BDE444B}.Release|Any CPU.ActiveCfg = Release|Any CPU
		{B60FD345-C6ED-4CBE-AD35-55938BDE444B}.Release|Any CPU.Build.0 = Release|Any CPU
	EndGlobalSection
	GlobalSection(SolutionProperties) = preSolution
		HideSolutionNode = FALSE
	EndGlobalSection
	GlobalSection(ExtensibilityGlobals) = postSolution
		SolutionGuid = {11646287-CC2B-4EED-BDDC-4EEE0183DB78}
	EndGlobalSection
EndGlobal
